PODS:
  - Alamofire (4.3.0)
  - AlamofireImage (3.2.0):
    - Alamofire (~> 4.1)
  - AlamofireNetworkActivityIndicator (2.1.0):
    - Alamofire (~> 4.1)
  - DATAStack (7.0.1)
  - SwiftyJSON (3.1.4)

DEPENDENCIES:
  - Alamofire
  - AlamofireImage
  - AlamofireNetworkActivityIndicator
  - DATAStack
  - SwiftyJSON

SPEC CHECKSUMS:
  Alamofire: 856a113053a7bc9cbe5d6367a555d773fc5cfef7
  AlamofireImage: 157ed682cc81d3b9db4fb90c1f12180ac552d93b
  AlamofireNetworkActivityIndicator: 4716f6554bdfb9c7cf13b1e0e3af21163129690a
  DATAStack: 9ca4ba8e8e4f389f1593ad3178d7a4d4df69d648
  SwiftyJSON: c2842d878f95482ffceec5709abc3d05680c0220

PODFILE CHECKSUM: 5fe76596272c75a365296701e5848009e44c1153

COCOAPODS: 1.2.0
